{
  "name": "browser-model",
  "version": "0.4.2",
  "lockfileVersion": 1,
  "requires": true,
  "dependencies": {
    "@types/lodash": {
      "version": "4.14.104",
      "resolved": "https://registry.npmjs.org/@types/lodash/-/lodash-4.14.104.tgz",
      "integrity": "sha512-ufQcVg4daO8xQ5kopxRHanqFdL4AI7ondQkV+2f+7mz3gvp0LkBx2zBRC6hfs3T87mzQFmf5Fck7Fi145Ul6NQ=="
    },
    "@types/lodash.get": {
      "version": "4.4.3",
      "resolved": "https://registry.npmjs.org/@types/lodash.get/-/lodash.get-4.4.3.tgz",
      "integrity": "sha512-i6rAsWj285iKXxFdxLJgfeSiqN1M4EEq5n2l7icpWAF6u7Er/IEokdueU7S6N/wpNYo7kfCP3n8wr3RgAamanA==",
      "requires": {
        "@types/lodash": "4.14.104"
      }
    },
    "@types/underscore": {
      "version": "1.8.7",
      "resolved": "https://registry.npmjs.org/@types/underscore/-/underscore-1.8.7.tgz",
      "integrity": "sha512-vMSV6VOWFVBcud1bBUKJVVhXmmx136Run3p1xK00XViC2pQnXXrveU79S13h2+Im/TBhtMtTufid+dbysd3m/g=="
    },
    "lodash.get": {
      "version": "4.4.2",
      "resolved": "https://registry.npmjs.org/lodash.get/-/lodash.get-4.4.2.tgz",
      "integrity": "sha1-LRd/ZS+jHpObRDjVNBSZ36OCXpk="
    },
    "typescript": {
      "version": "2.7.1",
      "resolved": "https://registry.npmjs.org/typescript/-/typescript-2.7.1.tgz",
      "integrity": "sha512-bqB1yS6o9TNA9ZC/MJxM0FZzPnZdtHj0xWK/IZ5khzVqdpGul/R/EIiHRgFXlwTD7PSIaYVnGKq1QgMCu2mnqw==",
      "dev": true
    },
    "underscore": {
      "version": "1.8.3",
      "resolved": "https://registry.npmjs.org/underscore/-/underscore-1.8.3.tgz",
      "integrity": "sha1-Tz+1OxBuYJf8+ctBCfKl6b36UCI="
    }
  }
}
