{
  "name": "bamfstore",
  "version": "0.0.4",
  "lockfileVersion": 1,
  "requires": true,
  "dependencies": {
    "@types/underscore": {
      "version": "1.8.7",
      "resolved": "https://registry.npmjs.org/@types/underscore/-/underscore-1.8.7.tgz",
      "integrity": "sha512-vMSV6VOWFVBcud1bBUKJVVhXmmx136Run3p1xK00XViC2pQnXXrveU79S13h2+Im/TBhtMtTufid+dbysd3m/g=="
    },
    "typescript": {
      "version": "2.7.1",
      "resolved": "https://registry.npmjs.org/typescript/-/typescript-2.7.1.tgz",
      "integrity": "sha512-bqB1yS6o9TNA9ZC/MJxM0FZzPnZdtHj0xWK/IZ5khzVqdpGul/R/EIiHRgFXlwTD7PSIaYVnGKq1QgMCu2mnqw==",
      "dev": true
    },
    "underscore": {
      "version": "1.8.3",
      "resolved": "https://registry.npmjs.org/underscore/-/underscore-1.8.3.tgz",
      "integrity": "sha1-Tz+1OxBuYJf8+ctBCfKl6b36UCI="
    }
  }
}
